
Microsoft Visual Studio Solution File, Format Version 12.00
# Visual Studio Version 17
VisualStudioVersion = 17.1.32421.90
MinimumVisualStudioVersion = 10.0.40219.1
Project("{FAE04EC0-301F-11D3-BF4B-00C04F79EFBC}") = "csharp-es02", "csharp-es02.csproj", "{05FB06B4-3D37-422E-8B68-EBB2733D560D}"
EndProject
Global
	GlobalSection(SolutionConfigurationPlatforms) = preSolution
		Debug|Any CPU = Debug|Any CPU
		Release|Any CPU = Release|Any CPU
	EndGlobalSection
	GlobalSection(ProjectConfigurationPlatforms) = postSolution
		{05FB06B4-3D37-422E-8B68-EBB2733D560D}.Debug|Any CPU.ActiveCfg = Debug|Any CPU
		{05FB06B4-3D37-422E-8B68-EBB2733D560D}.Debug|Any CPU.Build.0 = Debug|Any CPU
		{05FB06B4-3D37-422E-8B68-EBB2733D560D}.Release|Any CPU.ActiveCfg = Release|Any CPU
		{05FB06B4-3D37-422E-8B68-EBB2733D560D}.Release|Any CPU.Build.0 = Release|Any CPU
	EndGlobalSection
	GlobalSection(SolutionProperties) = preSolution
		HideSolutionNode = FALSE
	EndGlobalSection
	GlobalSection(ExtensibilityGlobals) = postSolution
		SolutionGuid = {B9FC0060-FD28-4B03-B0FD-6C9189D0085F}
	EndGlobalSection
EndGlobal
